// !$*UTF8*$!
{
	archiveVersion = 1;
	classes = {
	};
	objectVersion = 50;
	objects = {

/* Begin PBXBuildFile section */
		C6A1AE5F210AFF20002A6DD4 /* AppDelegate.swift in Sources */ = {isa = PBXBuildFile; fileRef = C6A1AE5E210AFF20002A6DD4 /* AppDelegate.swift */; };
		C6A1AE61210AFF20002A6DD4 /* ViewController.swift in Sources */ = {isa = PBXBuildFile; fileRef = C6A1AE60210AFF20002A6DD4 /* ViewController.swift */; };
		C6A1AE64210AFF20002A6DD4 /* Main.storyboard in Resources */ = {isa = PBXBuildFile; fileRef = C6A1AE62210AFF20002A6DD4 /* Main.storyboard */; };
		C6A1AE66210AFF20002A6DD4 /* Assets.xcassets in Resources */ = {isa = PBXBuildFile; fileRef = C6A1AE65210AFF20002A6DD4 /* Assets.xcassets */; };
		C6A1AE69210AFF20002A6DD4 /* LaunchScreen.storyboard in Resources */ = {isa = PBXBuildFile; fileRef = C6A1AE67210AFF20002A6DD4 /* LaunchScreen.storyboard */; };
		C6A1AE74210AFF20002A6DD4 /* catchTests.swift in Sources */ = {isa = PBXBuildFile; fileRef = C6A1AE73210AFF20002A6DD4 /* catchTests.swift */; };
		C6A1AE7F210AFF20002A6DD4 /* catchUITests.swift in Sources */ = {isa = PBXBuildFile; fileRef = C6A1AE7E210AFF20002A6DD4 /* catchUITests.swift */; };
/* End PBXBuildFile section */

/* Begin PBXContainerItemProxy section */
		C6A1AE70210AFF20002A6DD4 /* PBXContainerItemProxy */ = {
			isa = PBXContainerItemProxy;
			containerPortal = C6A1AE53210AFF20002A6DD4 /* Project object */;
			proxyType = 1;
			remoteGlobalIDString = C6A1AE5A210AFF20002A6DD4;
			remoteInfo = catch;
		};
		C6A1AE7B210AFF20002A6DD4 /* PBXContainerItemProxy */ = {
			isa = PBXContainerItemProxy;
			containerPortal = C6A1AE53210AFF20002A6DD4 /* Project object */;
			proxyType = 1;
			remoteGlobalIDString = C6A1AE5A210AFF20002A6DD4;
			remoteInfo = catch;
		};
/* End PBXContainerItemProxy section */

/* Begin PBXFileReference section */
		C6A1AE5B210AFF20002A6DD4 /* catch.app */ = {isa = PBXFileReference; explicitFileType = wrapper.application; includeInIndex = 0; path = catch.app; sourceTree = BUILT_PRODUCTS_DIR; };
		C6A1AE5E210AFF20002A6DD4 /* AppDelegate.swift */ = {isa = PBXFileReference; lastKnownFileType = sourcecode.swift; path = AppDelegate.swift; sourceTree = "<group>"; };
		C6A1AE60210AFF20002A6DD4 /* ViewController.swift */ = {isa = PBXFileReference; lastKnownFileType = sourcecode.swift; path = ViewController.swift; sourceTree = "<group>"; };
		C6A1AE63210AFF20002A6DD4 /* Base */ = {isa = PBXFileReference; lastKnownFileType = file.storyboard; name = Base; path = Base.lproj/Main.storyboard; sourceTree = "<group>"; };
		C6A1AE65210AFF20002A6DD4 /* Assets.xcassets */ = {isa = PBXFileReference; lastKnownFileType = folder.assetcatalog; path = Assets.xcassets; sourceTree = "<group>"; };
		C6A1AE68210AFF20002A6DD4 /* Base */ = {isa = PBXFileReference; lastKnownFileType = file.storyboard; name = Base; path = Base.lproj/LaunchScreen.storyboard; sourceTree = "<group>"; };
		C6A1AE6A210AFF20002A6DD4 /* Info.plist */ = {isa = PBXFileReference; lastKnownFileType = text.plist.xml; path = Info.plist; sourceTree = "<group>"; };
		C6A1AE6F210AFF20002A6DD4 /* catchTests.xctest */ = {isa = PBXFileReference; explicitFileType = wrapper.cfbundle; includeInIndex = 0; path = catchTests.xctest; sourceTree = BUILT_PRODUCTS_DIR; };
		C6A1AE73210AFF20002A6DD4 /* catchTests.swift */ = {isa = PBXFileReference; lastKnownFileType = sourcecode.swift; path = catchTests.swift; sourceTree = "<group>"; };
		C6A1AE75210AFF20002A6DD4 /* Info.plist */ = {isa = PBXFileReference; lastKnownFileType = text.plist.xml; path = Info.plist; sourceTree = "<group>"; };
		C6A1AE7A210AFF20002A6DD4 /* catchUITests.xctest */ = {isa = PBXFileReference; explicitFileType = wrapper.cfbundle; includeInIndex = 0; path = catchUITests.xctest; sourceTree = BUILT_PRODUCTS_DIR; };
		C6A1AE7E210AFF20002A6DD4 /* catchUITests.swift */ = {isa = PBXFileReference; lastKnownFileType = sourcecode.swift; path = catchUITests.swift; sourceTree = "<group>"; };
		C6A1AE80210AFF20002A6DD4 /* Info.plist */ = {isa = PBXFileReference; lastKnownFileType = text.plist.xml; path = Info.plist; sourceTree = "<group>"; };
/* End PBXFileReference section */

/* Begin PBXFrameworksBuildPhase section */
		C6A1AE58210AFF20002A6DD4 /* Frameworks */ = {
			isa = PBXFrameworksBuildPhase;
			buildActionMask = 2147483647;
			files = (
			);
			runOnlyForDeploymentPostprocessing = 0;
		};
		C6A1AE6C210AFF20002A6DD4 /* Frameworks */ = {
			isa = PBXFrameworksBuildPhase;
			buildActionMask = 2147483647;
			files = (
			);
			runOnlyForDeploymentPostprocessing = 0;
		};
		C6A1AE77210AFF20002A6DD4 /* Frameworks */ = {
			isa = PBXFrameworksBuildPhase;
			buildActionMask = 2147483647;
			files = (
			);
			runOnlyForDeploymentPostprocessing = 0;
		};
/* End PBXFrameworksBuildPhase section */

/* Begin PBXGroup section */
		C6A1AE52210AFF20002A6DD4 = {
			isa = PBXGroup;
			children = (
				C6A1AE5D210AFF20002A6DD4 /* catch */,
				C6A1AE72210AFF20002A6DD4 /* catchTests */,
				C6A1AE7D210AFF20002A6DD4 /* catchUITests */,
				C6A1AE5C210AFF20002A6DD4 /* Products */,
			);
			sourceTree = "<group>";
		};
		C6A1AE5C210AFF20002A6DD4 /* Products */ = {
			isa = PBXGroup;
			children = (
				C6A1AE5B210AFF20002A6DD4 /* catch.app */,
				C6A1AE6F210AFF20002A6DD4 /* catchTests.xctest */,
				C6A1AE7A210AFF20002A6DD4 /* catchUITests.xctest */,
			);
			name = Products;
			sourceTree = "<group>";
		};
		C6A1AE5D210AFF20002A6DD4 /* catch */ = {
			isa = PBXGroup;
			children = (
				C6A1AE5E210AFF20002A6DD4 /* AppDelegate.swift */,
				C6A1AE60210AFF20002A6DD4 /* ViewController.swift */,
				C6A1AE62210AFF20002A6DD4 /* Main.storyboard */,
				C6A1AE65210AFF20002A6DD4 /* Assets.xcassets */,
				C6A1AE67210AFF20002A6DD4 /* LaunchScreen.storyboard */,
				C6A1AE6A210AFF20002A6DD4 /* Info.plist */,
			);
			path = catch;
			sourceTree = "<group>";
		};
		C6A1AE72210AFF20002A6DD4 /* catchTests */ = {
			isa = PBXGroup;
			children = (
				C6A1AE73210AFF20002A6DD4 /* catchTests.swift */,
				C6A1AE75210AFF20002A6DD4 /* Info.plist */,
			);
			path = catchTests;
			sourceTree = "<group>";
		};
		C6A1AE7D210AFF20002A6DD4 /* catchUITests */ = {
			isa = PBXGroup;
			children = (
				C6A1AE7E210AFF20002A6DD4 /* catchUITests.swift */,
				C6A1AE80210AFF20002A6DD4 /* Info.plist */,
			);
			path = catchUITests;
			sourceTree = "<group>";
		};
/* End PBXGroup section */

/* Begin PBXNativeTarget section */
		C6A1AE5A210AFF20002A6DD4 /* catch */ = {
			isa = PBXNativeTarget;
			buildConfigurationList = C6A1AE83210AFF21002A6DD4 /* Build configuration list for PBXNativeTarget "catch" */;
			buildPhases = (
				C6A1AE57210AFF20002A6DD4 /* Sources */,
				C6A1AE58210AFF20002A6DD4 /* Frameworks */,
				C6A1AE59210AFF20002A6DD4 /* Resources */,
			);
			buildRules = (
			);
			dependencies = (
			);
			name = catch;
			productName = catch;
			productReference = C6A1AE5B210AFF20002A6DD4 /* catch.app */;
			productType = "com.apple.product-type.application";
		};
		C6A1AE6E210AFF20002A6DD4 /* catchTests */ = {
			isa = PBXNativeTarget;
			buildConfigurationList = C6A1AE86210AFF21002A6DD4 /* Build configuration list for PBXNativeTarget "catchTests" */;
			buildPhases = (
				C6A1AE6B210AFF20002A6DD4 /* Sources */,
				C6A1AE6C210AFF20002A6DD4 /* Frameworks */,
				C6A1AE6D210AFF20002A6DD4 /* Resources */,
			);
			buildRules = (
			);
			dependencies = (
				C6A1AE71210AFF20002A6DD4 /* PBXTargetDependency */,
			);
			name = catchTests;
			productName = catchTests;
			productReference = C6A1AE6F210AFF20002A6DD4 /* catchTests.xctest */;
			productType = "com.apple.product-type.bundle.unit-test";
		};
		C6A1AE79210AFF20002A6DD4 /* catchUITests */ = {
			isa = PBXNativeTarget;
			buildConfigurationList = C6A1AE89210AFF21002A6DD4 /* Build configuration list for PBXNativeTarget "catchUITests" */;
			buildPhases = (
				C6A1AE76210AFF20002A6DD4 /* Sources */,
				C6A1AE77210AFF20002A6DD4 /* Frameworks */,
				C6A1AE78210AFF20002A6DD4 /* Resources */,
			);
			buildRules = (
			);
			dependencies = (
				C6A1AE7C210AFF20002A6DD4 /* PBXTargetDependency */,
			);
			name = catchUITests;
			productName = catchUITests;
			productReference = C6A1AE7A210AFF20002A6DD4 /* catchUITests.xctest */;
			productType = "com.apple.product-type.bundle.ui-testing";
		};
/* End PBXNativeTarget section */

/* Begin PBXProject section */
		C6A1AE53210AFF20002A6DD4 /* Project object */ = {
			isa = PBXProject;
			attributes = {
				LastSwiftUpdateCheck = 0940;
				LastUpgradeCheck = 0940;
				ORGANIZATIONNAME = chaowenwang;
				TargetAttributes = {
					C6A1AE5A210AFF20002A6DD4 = {
						CreatedOnToolsVersion = 9.4.1;
					};
					C6A1AE6E210AFF20002A6DD4 = {
						CreatedOnToolsVersion = 9.4.1;
						TestTargetID = C6A1AE5A210AFF20002A6DD4;
					};
					C6A1AE79210AFF20002A6DD4 = {
						CreatedOnToolsVersion = 9.4.1;
						TestTargetID = C6A1AE5A210AFF20002A6DD4;
					};
				};
			};
			buildConfigurationList = C6A1AE56210AFF20002A6DD4 /* Build configuration list for PBXProject "catch" */;
			compatibilityVersion = "Xcode 9.3";
			developmentRegion = en;
			hasScannedForEncodings = 0;
			knownRegions = (
				en,
				Base,
			);
			mainGroup = C6A1AE52210AFF20002A6DD4;
			productRefGroup = C6A1AE5C210AFF20002A6DD4 /* Products */;
			projectDirPath = "";
			projectRoot = "";
			targets = (
				C6A1AE5A210AFF20002A6DD4 /* catch */,
				C6A1AE6E210AFF20002A6DD4 /* catchTests */,
				C6A1AE79210AFF20002A6DD4 /* catchUITests */,
			);
		};
/* End PBXProject section */

/* Begin PBXResourcesBuildPhase section */
		C6A1AE59210AFF20002A6DD4 /* Resources */ = {
			isa = PBXResourcesBuildPhase;
			buildActionMask = 2147483647;
			files = (
				C6A1AE69210AFF20002A6DD4 /* LaunchScreen.storyboard in Resources */,
				C6A1AE66210AFF20002A6DD4 /* Assets.xcassets in Resources */,
				C6A1AE64210AFF20002A6DD4 /* Main.storyboard in Resources */,
			);
			runOnlyForDeploymentPostprocessing = 0;
		};
		C6A1AE6D210AFF20002A6DD4 /* Resources */ = {
			isa = PBXResourcesBuildPhase;
			buildActionMask = 2147483647;
			files = (
			);
			runOnlyForDeploymentPostprocessing = 0;
		};
		C6A1AE78210AFF20002A6DD4 /* Resources */ = {
			isa = PBXResourcesBuildPhase;
			buildActionMask = 2147483647;
			files = (
			);
			runOnlyForDeploymentPostprocessing = 0;
		};
/* End PBXResourcesBuildPhase section */

/* Begin PBXSourcesBuildPhase section */
		C6A1AE57210AFF20002A6DD4 /* Sources */ = {
			isa = PBXSourcesBuildPhase;
			buildActionMask = 2147483647;
			files = (
				C6A1AE61210AFF20002A6DD4 /* ViewController.swift in Sources */,
				C6A1AE5F210AFF20002A6DD4 /* AppDelegate.swift in Sources */,
			);
			runOnlyForDeploymentPostprocessing = 0;
		};
		C6A1AE6B210AFF20002A6DD4 /* Sources */ = {
			isa = PBXSourcesBuildPhase;
			buildActionMask = 2147483647;
			files = (
				C6A1AE74210AFF20002A6DD4 /* catchTests.swift in Sources */,
			);
			runOnlyForDeploymentPostprocessing = 0;
		};
		C6A1AE76210AFF20002A6DD4 /* Sources */ = {
			isa = PBXSourcesBuildPhase;
			buildActionMask = 2147483647;
			files = (
				C6A1AE7F210AFF20002A6DD4 /* catchUITests.swift in Sources */,
			);
			runOnlyForDeploymentPostprocessing = 0;
		};
/* End PBXSourcesBuildPhase section */

/* Begin PBXTargetDependency section */
		C6A1AE71210AFF20002A6DD4 /* PBXTargetDependency */ = {
			isa = PBXTargetDependency;
			target = C6A1AE5A210AFF20002A6DD4 /* catch */;
			targetProxy = C6A1AE70210AFF20002A6DD4 /* PBXContainerItemProxy */;
		};
		C6A1AE7C210AFF20002A6DD4 /* PBXTargetDependency */ = {
			isa = PBXTargetDependency;
			target = C6A1AE5A210AFF20002A6DD4 /* catch */;
			targetProxy = C6A1AE7B210AFF20002A6DD4 /* PBXContainerItemProxy */;
		};
/* End PBXTargetDependency section */

/* Begin PBXVariantGroup section */
		C6A1AE62210AFF20002A6DD4 /* Main.storyboard */ = {
			isa = PBXVariantGroup;
			children = (
				C6A1AE63210AFF20002A6DD4 /* Base */,
			);
			name = Main.storyboard;
			sourceTree = "<group>";
		};
		C6A1AE67210AFF20002A6DD4 /* LaunchScreen.storyboard */ = {
			isa = PBXVariantGroup;
			children = (
				C6A1AE68210AFF20002A6DD4 /* Base */,
			);
			name = LaunchScreen.storyboard;
			sourceTree = "<group>";
		};
/* End PBXVariantGroup section */

/* Begin XCBuildConfiguration section */
		C6A1AE81210AFF21002A6DD4 /* Debug */ = {
			isa = XCBuildConfiguration;
			buildSettings = {
				ALWAYS_SEARCH_USER_PATHS = NO;
				CLANG_ANALYZER_NONNULL = YES;
				CLANG_ANALYZER_NUMBER_OBJECT_CONVERSION = YES_AGGRESSIVE;
				CLANG_CXX_LANGUAGE_STANDARD = "gnu++14";
				CLANG_CXX_LIBRARY = "libc++";
				CLANG_ENABLE_MODULES = YES;
				CLANG_ENABLE_OBJC_ARC = YES;
				CLANG_ENABLE_OBJC_WEAK = YES;
				CLANG_WARN_BLOCK_CAPTURE_AUTORELEASING = YES;
				CLANG_WARN_BOOL_CONVERSION = YES;
				CLANG_WARN_COMMA = YES;
				CLANG_WARN_CONSTANT_CONVERSION = YES;
				CLANG_WARN_DEPRECATED_OBJC_IMPLEMENTATIONS = YES;
				CLANG_WARN_DIRECT_OBJC_ISA_USAGE = YES_ERROR;
				CLANG_WARN_DOCUMENTATION_COMMENTS = YES;
				CLANG_WARN_EMPTY_BODY = YES;
				CLANG_WARN_ENUM_CONVERSION = YES;
				CLANG_WARN_INFINITE_RECURSION = YES;
				CLANG_WARN_INT_CONVERSION = YES;
				CLANG_WARN_NON_LITERAL_NULL_CONVERSION = YES;
				CLANG_WARN_OBJC_IMPLICIT_RETAIN_SELF = YES;
				CLANG_WARN_OBJC_LITERAL_CONVERSION = YES;
				CLANG_WARN_OBJC_ROOT_CLASS = YES_ERROR;
				CLANG_WARN_RANGE_LOOP_ANALYSIS = YES;
				CLANG_WARN_STRICT_PROTOTYPES = YES;
				CLANG_WARN_SUSPICIOUS_MOVE = YES;
				CLANG_WARN_UNGUARDED_AVAILABILITY = YES_AGGRESSIVE;
				CLANG_WARN_UNREACHABLE_CODE = YES;
				CLANG_WARN__DUPLICATE_METHOD_MATCH = YES;
				CODE_SIGN_IDENTITY = "iPhone Developer";
				COPY_PHASE_STRIP = NO;
				DEBUG_INFORMATION_FORMAT = dwarf;
				ENABLE_STRICT_OBJC_MSGSEND = YES;
				ENABLE_TESTABILITY = YES;
				GCC_C_LANGUAGE_STANDARD = gnu11;
				GCC_DYNAMIC_NO_PIC = NO;
				GCC_NO_COMMON_BLOCKS = YES;
				GCC_OPTIMIZATION_LEVEL = 0;
				GCC_PREPROCESSOR_DEFINITIONS = (
					"DEBUG=1",
					"$(inherited)",
				);
				GCC_WARN_64_TO_32_BIT_CONVERSION = YES;
				GCC_WARN_ABOUT_RETURN_TYPE = YES_ERROR;
				GCC_WARN_UNDECLARED_SELECTOR = YES;
				GCC_WARN_UNINITIALIZED_AUTOS = YES_AGGRESSIVE;
				GCC_WARN_UNUSED_FUNCTION = YES;
				GCC_WARN_UNUSED_VARIABLE = YES;
				IPHONEOS_DEPLOYMENT_TARGET = 11.4;
				MTL_ENABLE_DEBUG_INFO = YES;
				ONLY_ACTIVE_ARCH = YES;
				SDKROOT = iphoneos;
				SWIFT_ACTIVE_COMPILATION_CONDITIONS = DEBUG;
				SWIFT_OPTIMIZATION_LEVEL = "-Onone";
			};
			name = Debug;
		};
		C6A1AE82210AFF21002A6DD4 /* Release */ = {
			isa = XCBuildConfiguration;
			buildSettings = {
				ALWAYS_SEARCH_USER_PATHS = NO;
				CLANG_ANALYZER_NONNULL = YES;
				CLANG_ANALYZER_NUMBER_OBJECT_CONVERSION = YES_AGGRESSIVE;
				CLANG_CXX_LANGUAGE_STANDARD = "gnu++14";
				CLANG_CXX_LIBRARY = "libc++";
				CLANG_ENABLE_MODULES = YES;
				CLANG_ENABLE_OBJC_ARC = YES;
				CLANG_ENABLE_OBJC_WEAK = YES;
				CLANG_WARN_BLOCK_CAPTURE_AUTORELEASING = YES;
				CLANG_WARN_BOOL_CONVERSION = YES;
				CLANG_WARN_COMMA = YES;
				CLANG_WARN_CONSTANT_CONVERSION = YES;
				CLANG_WARN_DEPRECATED_OBJC_IMPLEMENTATIONS = YES;
				CLANG_WARN_DIRECT_OBJC_ISA_USAGE = YES_ERROR;
				CLANG_WARN_DOCUMENTATION_COMMENTS = YES;
				CLANG_WARN_EMPTY_BODY = YES;
				CLANG_WARN_ENUM_CONVERSION = YES;
				CLANG_WARN_INFINITE_RECURSION = YES;
				CLANG_WARN_INT_CONVERSION = YES;
				CLANG_WARN_NON_LITERAL_NULL_CONVERSION = YES;
				CLANG_WARN_OBJC_IMPLICIT_RETAIN_SELF = YES;
				CLANG_WARN_OBJC_LITERAL_CONVERSION = YES;
				CLANG_WARN_OBJC_ROOT_CLASS = YES_ERROR;
				CLANG_WARN_RANGE_LOOP_ANALYSIS = YES;
				CLANG_WARN_STRICT_PROTOTYPES = YES;
				CLANG_WARN_SUSPICIOUS_MOVE = YES;
				CLANG_WARN_UNGUARDED_AVAILABILITY = YES_AGGRESSIVE;
				CLANG_WARN_UNREACHABLE_CODE = YES;
				CLANG_WARN__DUPLICATE_METHOD_MATCH = YES;
				CODE_SIGN_IDENTITY = "iPhone Developer";
				COPY_PHASE_STRIP = NO;
				DEBUG_INFORMATION_FORMAT = "dwarf-with-dsym";
				ENABLE_NS_ASSERTIONS = NO;
				ENABLE_STRICT_OBJC_MSGSEND = YES;
				GCC_C_LANGUAGE_STANDARD = gnu11;
				GCC_NO_COMMON_BLOCKS = YES;
				GCC_WARN_64_TO_32_BIT_CONVERSION = YES;
				GCC_WARN_ABOUT_RETURN_TYPE = YES_ERROR;
				GCC_WARN_UNDECLARED_SELECTOR = YES;
				GCC_WARN_UNINITIALIZED_AUTOS = YES_AGGRESSIVE;
				GCC_WARN_UNUSED_FUNCTION = YES;
				GCC_WARN_UNUSED_VARIABLE = YES;
				IPHONEOS_DEPLOYMENT_TARGET = 11.4;
				MTL_ENABLE_DEBUG_INFO = NO;
				SDKROOT = iphoneos;
				SWIFT_COMPILATION_MODE = wholemodule;
				SWIFT_OPTIMIZATION_LEVEL = "-O";
				VALIDATE_PRODUCT = YES;
			};
			name = Release;
		};
		C6A1AE84210AFF21002A6DD4 /* Debug */ = {
			isa = XCBuildConfiguration;
			buildSettings = {
				ASSETCATALOG_COMPILER_APPICON_NAME = AppIcon;
				CODE_SIGN_STYLE = Automatic;
				DEVELOPMENT_TEAM = 73337P6T5A;
				INFOPLIST_FILE = catch/Info.plist;
				LD_RUNPATH_SEARCH_PATHS = (
					"$(inherited)",
					"@executable_path/Frameworks",
				);
				PRODUCT_BUNDLE_IDENTIFIER = "Tencent-D09321--catch.catch";
				PRODUCT_NAME = "$(TARGET_NAME)";
				SWIFT_VERSION = 4.0;
				TARGETED_DEVICE_FAMILY = "1,2";
			};
			name = Debug;
		};
		C6A1AE85210AFF21002A6DD4 /* Release */ = {
			isa = XCBuildConfiguration;
			buildSettings = {
				ASSETCATALOG_COMPILER_APPICON_NAME = AppIcon;
				CODE_SIGN_STYLE = Automatic;
				DEVELOPMENT_TEAM = 73337P6T5A;
				INFOPLIST_FILE = catch/Info.plist;
				LD_RUNPATH_SEARCH_PATHS = (
					"$(inherited)",
					"@executable_path/Frameworks",
				);
				PRODUCT_BUNDLE_IDENTIFIER = "Tencent-D09321--catch.catch";
				PRODUCT_NAME = "$(TARGET_NAME)";
				SWIFT_VERSION = 4.0;
				TARGETED_DEVICE_FAMILY = "1,2";
			};
			name = Release;
		};
		C6A1AE87210AFF21002A6DD4 /* Debug */ = {
			isa = XCBuildConfiguration;
			buildSettings = {
				ALWAYS_EMBED_SWIFT_STANDARD_LIBRARIES = YES;
				BUNDLE_LOADER = "$(TEST_HOST)";
				CODE_SIGN_STYLE = Automatic;
				DEVELOPMENT_TEAM = 73337P6T5A;
				INFOPLIST_FILE = catchTests/Info.plist;
				LD_RUNPATH_SEARCH_PATHS = (
					"$(inherited)",
					"@executable_path/Frameworks",
					"@loader_path/Frameworks",
				);
				PRODUCT_BUNDLE_IDENTIFIER = "Tencent-D09321--catch.catchTests";
				PRODUCT_NAME = "$(TARGET_NAME)";
				SWIFT_VERSION = 4.0;
				TARGETED_DEVICE_FAMILY = "1,2";
				TEST_HOST = "$(BUILT_PRODUCTS_DIR)/catch.app/catch";
			};
			name = Debug;
		};
		C6A1AE88210AFF21002A6DD4 /* Release */ = {
			isa = XCBuildConfiguration;
			buildSettings = {
				ALWAYS_EMBED_SWIFT_STANDARD_LIBRARIES = YES;
				BUNDLE_LOADER = "$(TEST_HOST)";
				CODE_SIGN_STYLE = Automatic;
				DEVELOPMENT_TEAM = 73337P6T5A;
				INFOPLIST_FILE = catchTests/Info.plist;
				LD_RUNPATH_SEARCH_PATHS = (
					"$(inherited)",
					"@executable_path/Frameworks",
					"@loader_path/Frameworks",
				);
				PRODUCT_BUNDLE_IDENTIFIER = "Tencent-D09321--catch.catchTests";
				PRODUCT_NAME = "$(TARGET_NAME)";
				SWIFT_VERSION = 4.0;
				TARGETED_DEVICE_FAMILY = "1,2";
				TEST_HOST = "$(BUILT_PRODUCTS_DIR)/catch.app/catch";
			};
			name = Release;
		};
		C6A1AE8A210AFF21002A6DD4 /* Debug */ = {
			isa = XCBuildConfiguration;
			buildSettings = {
				ALWAYS_EMBED_SWIFT_STANDARD_LIBRARIES = YES;
				CODE_SIGN_STYLE = Automatic;
				DEVELOPMENT_TEAM = 73337P6T5A;
				INFOPLIST_FILE = catchUITests/Info.plist;
				LD_RUNPATH_SEARCH_PATHS = (
					"$(inherited)",
					"@executable_path/Frameworks",
					"@loader_path/Frameworks",
				);
				PRODUCT_BUNDLE_IDENTIFIER = "Tencent-D09321--catch.catchUITests";
				PRODUCT_NAME = "$(TARGET_NAME)";
				SWIFT_VERSION = 4.0;
				TARGETED_DEVICE_FAMILY = "1,2";
				TEST_TARGET_NAME = catch;
			};
			name = Debug;
		};
		C6A1AE8B210AFF21002A6DD4 /* Release */ = {
			isa = XCBuildConfiguration;
			buildSettings = {
				ALWAYS_EMBED_SWIFT_STANDARD_LIBRARIES = YES;
				CODE_SIGN_STYLE = Automatic;
				DEVELOPMENT_TEAM = 73337P6T5A;
				INFOPLIST_FILE = catchUITests/Info.plist;
				LD_RUNPATH_SEARCH_PATHS = (
					"$(inherited)",
					"@executable_path/Frameworks",
					"@loader_path/Frameworks",
				);
				PRODUCT_BUNDLE_IDENTIFIER = "Tencent-D09321--catch.catchUITests";
				PRODUCT_NAME = "$(TARGET_NAME)";
				SWIFT_VERSION = 4.0;
				TARGETED_DEVICE_FAMILY = "1,2";
				TEST_TARGET_NAME = catch;
			};
			name = Release;
		};
/* End XCBuildConfiguration section */

/* Begin XCConfigurationList section */
		C6A1AE56210AFF20002A6DD4 /* Build configuration list for PBXProject "catch" */ = {
			isa = XCConfigurationList;
			buildConfigurations = (
				C6A1AE81210AFF21002A6DD4 /* Debug */,
				C6A1AE82210AFF21002A6DD4 /* Release */,
			);
			defaultConfigurationIsVisible = 0;
			defaultConfigurationName = Release;
		};
		C6A1AE83210AFF21002A6DD4 /* Build configuration list for PBXNativeTarget "catch" */ = {
			isa = XCConfigurationList;
			buildConfigurations = (
				C6A1AE84210AFF21002A6DD4 /* Debug */,
				C6A1AE85210AFF21002A6DD4 /* Release */,
			);
			defaultConfigurationIsVisible = 0;
			defaultConfigurationName = Release;
		};
		C6A1AE86210AFF21002A6DD4 /* Build configuration list for PBXNativeTarget "catchTests" */ = {
			isa = XCConfigurationList;
			buildConfigurations = (
				C6A1AE87210AFF21002A6DD4 /* Debug */,
				C6A1AE88210AFF21002A6DD4 /* Release */,
			);
			defaultConfigurationIsVisible = 0;
			defaultConfigurationName = Release;
		};
		C6A1AE89210AFF21002A6DD4 /* Build configuration list for PBXNativeTarget "catchUITests" */ = {
			isa = XCConfigurationList;
			buildConfigurations = (
				C6A1AE8A210AFF21002A6DD4 /* Debug */,
				C6A1AE8B210AFF21002A6DD4 /* Release */,
			);
			defaultConfigurationIsVisible = 0;
			defaultConfigurationName = Release;
		};
/* End XCConfigurationList section */
	};
	rootObject = C6A1AE53210AFF20002A6DD4 /* Project object */;
}
